dependencies:
  idf:
    source:
      type: idf
    version: 5.5.5
  joltwallet/littlefs:
    component_hash: 3af20a3d75c49db9dc2286fd50862c34055c9f578419ad1f2bf7ed3ed01391fe
    dependencies:
    - name: idf
      require: private
      version: '>=5.0'
    source:
      registry_url: https://components.espressif.com/
      type: service
    version: 1.22.3
direct_dependencies:
- joltwallet/littlefs
manifest_hash: eb0ba1ae5d9e776e94b570e6d3b214591c6b792d6ceb35931a5b42a204ad651a
target: esp32
version: 2.0.0
