version = 1
revision = 3
requires-python = ">=3.13"

[[package]]
name = "clang-format"
version = "20.1.8"
source = { registry = "https://pypi.org/simple" }
sdist = { url = "https://files.pythonhosted.org/packages/62/e5/6560d6466378597f76292a6f54702dcf8a3746edfbd5fbdcb54b12e9ac46/clang_format-20.1.8.tar.gz", hash = "sha256:8ebd717257d8c7daf6bb1f703a4024f009a58941723eeb0d92ec493ce26aa520", size = 11500, upload-time = "2025-07-10T11:40:06.899Z" }
wheels = [
    { url = "https://files.pythonhosted.org/packages/4f/cd/6dab2c15bb2f13ad13015fb92eda0b49b3bd866153072e4d9796f7b220e4/clang_format-20.1.8-py2.py3-none-macosx_10_9_x86_64.whl", hash = "sha256:e9422bc81b3bea6c0ee773662fbe3bfd8a9479ae70e59008095dfae7001c5a84", size = 1429486, upload-time = "2025-07-10T11:39:38.665Z" },
    { url = "https://files.pythonhosted.org/packages/d8/4c/3efe4fe6910e1e00dcec0c8d9ef715164500f043e9911bdf253370ff917b/clang_format-20.1.8-py2.py3-none-macosx_11_0_arm64.whl", hash = "sha256:c0cf62720247a7dd1e2d610816a2f7d7016433f9c2869880cba655449bd09616", size = 1400840, upload-time = "2025-07-10T11:39:40.516Z" },
    { url = "https://files.pythonhosted.org/packages/dc/c3/af601563d3bfa4c514406347c13dc639f984df7c9e13df3a0adf3a650fc9/clang_format-20.1.8-py2.py3-none-manylinux2014_i686.manylinux_2_17_i686.whl", hash = "sha256:4f998e5c19e10f69b87af6991ccb14db934b5fa36fd28c7dbfc17dee957007f4", size = 1777504, upload-time = "2025-07-10T11:39:42.266Z" },
    { url = "https://files.pythonhosted.org/packages/06/60/7c2ff3019599ad985d0a61f74ba8226d538c72485b0e3d25b1899601a9f5/clang_format-20.1.8-py2.py3-none-manylinux_2_27_aarch64.manylinux_2_28_aarch64.whl", hash = "sha256:34de32fe53452a07497793d5faf3fd03f7cf8b960b915417471ae81227461a39", size = 1692081, upload-time = "2025-07-10T11:39:43.67Z" },
    { url = "https://files.pythonhosted.org/packages/99/74/956bc5455ce102767805b2eafcada0de003c391adb8299222432091af309/clang_format-20.1.8-py2.py3-none-manylinux_2_27_ppc64le.manylinux_2_28_ppc64le.whl", hash = "sha256:1397b1b700ee78af73b14c5d65ad777c570c79a175c220768056fbcb7afed113", size = 1987169, upload-time = "2025-07-10T11:39:45.465Z" },
    { url = "https://files.pythonhosted.org/packages/70/3f/0c141c391a0d4bd4012758f68a27ddc1db8b48814f96eb459417e197124a/clang_format-20.1.8-py2.py3-none-manylinux_2_27_s390x.manylinux_2_28_s390x.whl", hash = "sha256:e195b5f6b79d89d42d4094d103f0a4f47ff3997d6474811622b95ab596f01fd2", size = 2005960, upload-time = "2025-07-10T11:39:47.163Z" },
    { url = "https://files.pythonhosted.org/packages/a6/77/786aa0fc8a75d8ce94966bb33e44c63fec1964cbf343ee862ed6a5be38c1/clang_format-20.1.8-py2.py3-none-manylinux_2_27_x86_64.manylinux_2_28_x86_64.whl", hash = "sha256:7c6bcb7e01ba4f05a4c980fda147b330f7e4833c2aea8c92a0c2df9573ae7afe", size = 1777063, upload-time = "2025-07-10T11:39:48.962Z" },
    { url = "https://files.pythonhosted.org/packages/bc/0b/79cc55d7a64f3798a044c1f12c288048c6551af834700ac2ed1204c1181d/clang_format-20.1.8-py2.py3-none-manylinux_2_31_armv7l.whl", hash = "sha256:d99a5f3d7a252ab762ed79bc2a271a63fe593ae2e2565ce287835c00ce13c37e", size = 1626598, upload-time = "2025-07-10T11:39:50.468Z" },
    { url = "https://files.pythonhosted.org/packages/cf/a2/913509f0e845b2beb0d298a9ec78c230a3a1f659c6928f990e84b842da4a/clang_format-20.1.8-py2.py3-none-musllinux_1_2_aarch64.whl", hash = "sha256:0a687c6efd7708227eafec37e98143e0b4b7dbeca82ff8e1de110d434f4e63ac", size = 2689936, upload-time = "2025-07-10T11:39:52.08Z" },
    { url = "https://files.pythonhosted.org/packages/0e/29/7cb26c5884040d4cb2f1e3ece6d37ebaf318d7cd281339affc94d1a9803c/clang_format-20.1.8-py2.py3-none-musllinux_1_2_armv7l.whl", hash = "sha256:d6491195d8edc788de8abfaea30b78ff74ad3f5ee89653cd0a27a4af4feb1317", size = 2462082, upload-time = "2025-07-10T11:39:53.73Z" },
    { url = "https://files.pythonhosted.org/packages/6a/55/11ba71667856abfc7872c33e71b15c551d2d0fc3ef86ef73f92a46b2749c/clang_format-20.1.8-py2.py3-none-musllinux_1_2_i686.whl", hash = "sha256:9ceae6a1fbd594ec2a31157997378b70df42273795a0177be0725a4e96336231", size = 2927834, upload-time = "2025-07-10T11:39:55.264Z" },
    { url = "https://files.pythonhosted.org/packages/e6/71/496d2bafcb03b16a6fff25e73dcbe5aedcf68dd138580022b3114a3f7a84/clang_format-20.1.8-py2.py3-none-musllinux_1_2_ppc64le.whl", hash = "sha256:941396455b529ca130fae24d6d95bdf9a236d2ad22318991090d0b7ae53d236a", size = 3054954, upload-time = "2025-07-10T11:39:56.823Z" },
    { url = "https://files.pythonhosted.org/packages/d5/b9/8e5595a8d301c9695802664e4e00548a4c88a9fb6e434aac43e4778f06e1/clang_format-20.1.8-py2.py3-none-musllinux_1_2_s390x.whl", hash = "sha256:8dbbdfce85bdde675dee98fdbcddee445e6a9492b2a2b04afabfd33525be5642", size = 3159351, upload-time = "2025-07-10T11:39:58.95Z" },
    { url = "https://files.pythonhosted.org/packages/51/50/d385c1eb678061a18ab1de198e8400bb8c69003ec54fd4220f1c34ea6c46/clang_format-20.1.8-py2.py3-none-musllinux_1_2_x86_64.whl", hash = "sha256:abc1b72f42db5db695d539b0a1b3cc3c125dfaa9c5baea0a94a3a2d6d1e50c1f", size = 2809188, upload-time = "2025-07-10T11:40:00.797Z" },
    { url = "https://files.pythonhosted.org/packages/a7/2d/e02502cd8c845f0b3e17c556648fd481aca0d77935adf8684cda5e4293e5/clang_format-20.1.8-py2.py3-none-win32.whl", hash = "sha256:635b57361fa3caeb9449aa62584d7cd38fbee81dbf3addd6b1d7c377eb34e766", size = 1261819, upload-time = "2025-07-10T11:40:02.194Z" },
    { url = "https://files.pythonhosted.org/packages/bd/ee/656287efdf58dccc7a7299fab547fe1313b49ca1ea1607ea475b262d640f/clang_format-20.1.8-py2.py3-none-win_amd64.whl", hash = "sha256:346ac8cab571eaba4d6b89dfa30fdbbc512db82a66ab0eeb1763cacc5977e325", size = 1414174, upload-time = "2025-07-10T11:40:03.701Z" },
    { url = "https://files.pythonhosted.org/packages/8b/27/71cd96599d47229bd819dcc0c688a859764bb1b4960a23b8a75f8558c044/clang_format-20.1.8-py2.py3-none-win_arm64.whl", hash = "sha256:d18b7b69697e97b6917a69f4bf48bf94e3827b016b491c90dd0f6ab917e37cf9", size = 1319592, upload-time = "2025-07-10T11:40:05.441Z" },
]

[[package]]
name = "clevercoffee-claude"
version = "0.1.0"
source = { virtual = "." }
dependencies = [
    { name = "clang-format" },
]

[package.metadata]
requires-dist = [{ name = "clang-format", specifier = ">=20.1.8" }]
